
Microsoft Visual Studio Solution File, Format Version 12.00
# Visual Studio 15
VisualStudioVersion = 15.0.28010.2003
MinimumVisualStudioVersion = 10.0.40219.1
Project("{2150E333-8FDC-42A3-9474-1A3956D46DE8}") = "test", "test", "{1E803CE0-D2D0-40E7-B412-9DEFD6062759}"
EndProject
Project("{2150E333-8FDC-42A3-9474-1A3956D46DE8}") = "src", "src", "{C1CEFC54-7DC8-42B6-9F55-83BFAF85C646}"
EndProject
Project("{9A19103F-16F7-4668-BE54-9A1E7A4F7556}") = "ICore.Extension.Hex", "src\ICore.Extension.Hex\ICore.Extension.Hex.csproj", "{39A0D67E-65B4-47FD-86AE-DF8D6E7754D4}"
EndProject
Project("{9A19103F-16F7-4668-BE54-9A1E7A4F7556}") = "ICore.Extension.BulkCopy", "src\ICore.Extension.BulkCopy\ICore.Extension.BulkCopy.csproj", "{20A85496-C99C-498B-A0CD-2EF9D981E6A5}"
EndProject
Project("{9A19103F-16F7-4668-BE54-9A1E7A4F7556}") = "ICore.Extension.Hex.Test", "test\ICore.Extension.Hex.Test\ICore.Extension.Hex.Test.csproj", "{BB7F14FF-0CAA-4995-AD73-DB8E8849D24E}"
EndProject
Global
	GlobalSection(SolutionConfigurationPlatforms) = preSolution
		Debug|Any CPU = Debug|Any CPU
		Release|Any CPU = Release|Any CPU
	EndGlobalSection
	GlobalSection(ProjectConfigurationPlatforms) = postSolution
		{39A0D67E-65B4-47FD-86AE-DF8D6E7754D4}.Debug|Any CPU.ActiveCfg = Debug|Any CPU
		{39A0D67E-65B4-47FD-86AE-DF8D6E7754D4}.Debug|Any CPU.Build.0 = Debug|Any CPU
		{39A0D67E-65B4-47FD-86AE-DF8D6E7754D4}.Release|Any CPU.ActiveCfg = Release|Any CPU
		{39A0D67E-65B4-47FD-86AE-DF8D6E7754D4}.Release|Any CPU.Build.0 = Release|Any CPU
		{20A85496-C99C-498B-A0CD-2EF9D981E6A5}.Debug|Any CPU.ActiveCfg = Debug|Any CPU
		{20A85496-C99C-498B-A0CD-2EF9D981E6A5}.Debug|Any CPU.Build.0 = Debug|Any CPU
		{20A85496-C99C-498B-A0CD-2EF9D981E6A5}.Release|Any CPU.ActiveCfg = Release|Any CPU
		{20A85496-C99C-498B-A0CD-2EF9D981E6A5}.Release|Any CPU.Build.0 = Release|Any CPU
		{BB7F14FF-0CAA-4995-AD73-DB8E8849D24E}.Debug|Any CPU.ActiveCfg = Debug|Any CPU
		{BB7F14FF-0CAA-4995-AD73-DB8E8849D24E}.Debug|Any CPU.Build.0 = Debug|Any CPU
		{BB7F14FF-0CAA-4995-AD73-DB8E8849D24E}.Release|Any CPU.ActiveCfg = Release|Any CPU
		{BB7F14FF-0CAA-4995-AD73-DB8E8849D24E}.Release|Any CPU.Build.0 = Release|Any CPU
	EndGlobalSection
	GlobalSection(SolutionProperties) = preSolution
		HideSolutionNode = FALSE
	EndGlobalSection
	GlobalSection(NestedProjects) = preSolution
		{39A0D67E-65B4-47FD-86AE-DF8D6E7754D4} = {C1CEFC54-7DC8-42B6-9F55-83BFAF85C646}
		{20A85496-C99C-498B-A0CD-2EF9D981E6A5} = {C1CEFC54-7DC8-42B6-9F55-83BFAF85C646}
		{BB7F14FF-0CAA-4995-AD73-DB8E8849D24E} = {1E803CE0-D2D0-40E7-B412-9DEFD6062759}
	EndGlobalSection
	GlobalSection(ExtensibilityGlobals) = postSolution
		SolutionGuid = {D63602AE-351C-4053-A5C1-FEB0A6EA59EF}
	EndGlobalSection
EndGlobal
